
Microsoft Visual Studio Solution File, Format Version 12.00
# Visual Studio Version 16
VisualStudioVersion = 16.0.30621.155
MinimumVisualStudioVersion = 10.0.40219.1
Project("{FAE04EC0-301F-11D3-BF4B-00C04F79EFBC}") = "SearchApp", "SearchApp\SearchApp.csproj", "{D54FD2AB-B9F9-4527-BC3F-C4A65DA04FF7}"
EndProject
Global
	GlobalSection(SolutionConfigurationPlatforms) = preSolution
		Debug|Any CPU = Debug|Any CPU
		Release|Any CPU = Release|Any CPU
	EndGlobalSection
	GlobalSection(ProjectConfigurationPlatforms) = postSolution
		{D54FD2AB-B9F9-4527-BC3F-C4A65DA04FF7}.Debug|Any CPU.ActiveCfg = Debug|Any CPU
		{D54FD2AB-B9F9-4527-BC3F-C4A65DA04FF7}.Debug|Any CPU.Build.0 = Debug|Any CPU
		{D54FD2AB-B9F9-4527-BC3F-C4A65DA04FF7}.Release|Any CPU.ActiveCfg = Release|Any CPU
		{D54FD2AB-B9F9-4527-BC3F-C4A65DA04FF7}.Release|Any CPU.Build.0 = Release|Any CPU
	EndGlobalSection
	GlobalSection(SolutionProperties) = preSolution
		HideSolutionNode = FALSE
	EndGlobalSection
	GlobalSection(ExtensibilityGlobals) = postSolution
		SolutionGuid = {D389D0E5-6BDA-45E6-9768-A90034788D2C}
	EndGlobalSection
EndGlobal
